# This file is generated by running "yarn install" inside your project.
# Manual changes might be lost - proceed with caution!

__metadata:
  version: 6
  cacheKey: 8

"@cspotcode/source-map-support@npm:^0.8.0":
  version: 0.8.1
  resolution: "@cspotcode/source-map-support@npm:0.8.1"
  dependencies:
    "@jridgewell/trace-mapping": 0.3.9
  checksum: 5718f267085ed8edb3e7ef210137241775e607ee18b77d95aa5bd7514f47f5019aa2d82d96b3bf342ef7aa890a346fa1044532ff7cc3009e7d24fce3ce6200fa
  languageName: node
  linkType: hard

"@jridgewell/resolve-uri@npm:^3.0.3":
  version: 3.1.0
  resolution: "@jridgewell/resolve-uri@npm:3.1.0"
  checksum: b5ceaaf9a110fcb2780d1d8f8d4a0bfd216702f31c988d8042e5f8fbe353c55d9b0f55a1733afdc64806f8e79c485d2464680ac48a0d9fcadb9548ee6b81d267
  languageName: node
  linkType: hard

"@jridgewell/sourcemap-codec@npm:^1.4.10":
  version: 1.4.14
  resolution: "@jridgewell/sourcemap-codec@npm:1.4.14"
  checksum: 61100637b6d173d3ba786a5dff019e1a74b1f394f323c1fee337ff390239f053b87266c7a948777f4b1ee68c01a8ad0ab61e5ff4abb5a012a0b091bec391ab97
  languageName: node
  linkType: hard

"@jridgewell/trace-mapping@npm:0.3.9":
  version: 0.3.9
  resolution: "@jridgewell/trace-mapping@npm:0.3.9"
  dependencies:
    "@jridgewell/resolve-uri": ^3.0.3
    "@jridgewell/sourcemap-codec": ^1.4.10
  checksum: d89597752fd88d3f3480845691a05a44bd21faac18e2185b6f436c3b0fd0c5a859fbbd9aaa92050c4052caf325ad3e10e2e1d1b64327517471b7d51babc0ddef
  languageName: node
  linkType: hard

"@tootallnate/once@npm:2":
  version: 2.0.0
  resolution: "@tootallnate/once@npm:2.0.0"
  checksum: ad87447820dd3f24825d2d947ebc03072b20a42bfc96cbafec16bff8bbda6c1a81fcb0be56d5b21968560c5359a0af4038a68ba150c3e1694fe4c109a063bed8
  languageName: node
  linkType: hard

"@tsconfig/node10@npm:^1.0.7":
  version: 1.0.9
  resolution: "@tsconfig/node10@npm:1.0.9"
  checksum: a33ae4dc2a621c0678ac8ac4bceb8e512ae75dac65417a2ad9b022d9b5411e863c4c198b6ba9ef659e14b9fb609bbec680841a2e84c1172df7a5ffcf076539df
  languageName: node
  linkType: hard

"@tsconfig/node12@npm:^1.0.7":
  version: 1.0.11
  resolution: "@tsconfig/node12@npm:1.0.11"
  checksum: 5ce29a41b13e7897a58b8e2df11269c5395999e588b9a467386f99d1d26f6c77d1af2719e407621412520ea30517d718d5192a32403b8dfcc163bf33e40a338a
  languageName: node
  linkType: hard

"@tsconfig/node14@npm:^1.0.0":
  version: 1.0.3
  resolution: "@tsconfig/node14@npm:1.0.3"
  checksum: 19275fe80c4c8d0ad0abed6a96dbf00642e88b220b090418609c4376e1cef81bf16237bf170ad1b341452feddb8115d8dd2e5acdfdea1b27422071163dc9ba9d
  languageName: node
  linkType: hard

"@tsconfig/node16@npm:^1.0.2":
  version: 1.0.3
  resolution: "@tsconfig/node16@npm:1.0.3"
  checksum: 3a8b657dd047495b7ad23437d6afd20297ce90380ff0bdee93fc7d39a900dbd8d9e26e53ff6b465e7967ce2adf0b218782590ce9013285121e6a5928fbd6819f
  languageName: node
  linkType: hard

"@types/jsdom@npm:^20.0.0":
  version: 20.0.0
  resolution: "@types/jsdom@npm:20.0.0"
  dependencies:
    "@types/node": "*"
    "@types/tough-cookie": "*"
    parse5: ^7.0.0
  checksum: 13e67d31347e02d46ec6a23919b3ce39d86136665922a2a6cb977e216a2f46c22d2f025d0586a64ab492ebaa5f43da669b6f173a5a8cfd3e3bb7c9d19b6cfa9e
  languageName: node
  linkType: hard

"@types/node@npm:*, @types/node@npm:^18.7.13":
  version: 18.7.18
  resolution: "@types/node@npm:18.7.18"
  checksum: 8aec61f0f96e2a69ce51f1f40f949ca578bbb4fe05d7c0b8ce3aeeb848e90f755837f17f6ac132ca404d974fe9b2974150ad3b4984fc9dc7c3ceddb10bae0167
  languageName: node
  linkType: hard

"@types/tough-cookie@npm:*":
  version: 4.0.2
  resolution: "@types/tough-cookie@npm:4.0.2"
  checksum: e055556ffdaa39ad85ede0af192c93f93f986f4bd9e9426efdc2948e3e2632db3a4a584d4937dbf6d7620527419bc99e6182d3daf2b08685e710f2eda5291905
  languageName: node
  linkType: hard

"abab@npm:^2.0.6":
  version: 2.0.6
  resolution: "abab@npm:2.0.6"
  checksum: 6ffc1af4ff315066c62600123990d87551ceb0aafa01e6539da77b0f5987ac7019466780bf480f1787576d4385e3690c81ccc37cfda12819bf510b8ab47e5a3e
  languageName: node
  linkType: hard

"acorn-globals@npm:^6.0.0":
  version: 6.0.0
  resolution: "acorn-globals@npm:6.0.0"
  dependencies:
    acorn: ^7.1.1
    acorn-walk: ^7.1.1
  checksum: 72d95e5b5e585f9acd019b993ab8bbba68bb3cbc9d9b5c1ebb3c2f1fe5981f11deababfb4949f48e6262f9c57878837f5958c0cca396f81023814680ca878042
  languageName: node
  linkType: hard

"acorn-walk@npm:^7.1.1":
  version: 7.2.0
  resolution: "acorn-walk@npm:7.2.0"
  checksum: 9252158a79b9d92f1bc0dd6acc0fcfb87a67339e84bcc301bb33d6078936d27e35d606b4d35626d2962cd43c256d6f27717e70cbe15c04fff999ab0b2260b21f
  languageName: node
  linkType: hard

"acorn-walk@npm:^8.1.1":
  version: 8.2.0
  resolution: "acorn-walk@npm:8.2.0"
  checksum: 1715e76c01dd7b2d4ca472f9c58968516a4899378a63ad5b6c2d668bba8da21a71976c14ec5f5b75f887b6317c4ae0b897ab141c831d741dc76024d8745f1ad1
  languageName: node
  linkType: hard

"acorn@npm:^7.1.1":
  version: 7.4.1
  resolution: "acorn@npm:7.4.1"
  bin:
    acorn: bin/acorn
  checksum: 1860f23c2107c910c6177b7b7be71be350db9e1080d814493fae143ae37605189504152d1ba8743ba3178d0b37269ce1ffc42b101547fdc1827078f82671e407
  languageName: node
  linkType: hard

"acorn@npm:^8.4.1, acorn@npm:^8.7.1":
  version: 8.8.0
  resolution: "acorn@npm:8.8.0"
  bin:
    acorn: bin/acorn
  checksum: 7270ca82b242eafe5687a11fea6e088c960af712683756abf0791b68855ea9cace3057bd5e998ffcef50c944810c1e0ca1da526d02b32110e13c722aa959afdc
  languageName: node
  linkType: hard

"agent-base@npm:6, agent-base@npm:^6.0.2":
  version: 6.0.2
  resolution: "agent-base@npm:6.0.2"
  dependencies:
    debug: 4
  checksum: f52b6872cc96fd5f622071b71ef200e01c7c4c454ee68bc9accca90c98cfb39f2810e3e9aa330435835eedc8c23f4f8a15267f67c6e245d2b33757575bdac49d
  languageName: node
  linkType: hard

"ansi-styles@npm:^4.1.0":
  version: 4.3.0
  resolution: "ansi-styles@npm:4.3.0"
  dependencies:
    color-convert: ^2.0.1
  checksum: 513b44c3b2105dd14cc42a19271e80f386466c4be574bccf60b627432f9198571ebf4ab1e4c3ba17347658f4ee1711c163d574248c0c1cdc2d5917a0ad582ec4
  languageName: node
  linkType: hard

"arg@npm:^4.1.0":
  version: 4.1.3
  resolution: "arg@npm:4.1.3"
  checksum: 544af8dd3f60546d3e4aff084d451b96961d2267d668670199692f8d054f0415d86fc5497d0e641e91546f0aa920e7c29e5250e99fc89f5552a34b5d93b77f43
  languageName: node
  linkType: hard

"asynckit@npm:^0.4.0":
  version: 0.4.0
  resolution: "asynckit@npm:0.4.0"
  checksum: 7b78c451df768adba04e2d02e63e2d0bf3b07adcd6e42b4cf665cb7ce899bedd344c69a1dcbce355b5f972d597b25aaa1c1742b52cffd9caccb22f348114f6be
  languageName: node
  linkType: hard

"axios-cookiejar-support@npm:^4.0.3":
  version: 4.0.3
  resolution: "axios-cookiejar-support@npm:4.0.3"
  dependencies:
    http-cookie-agent: ^4.0.2
  peerDependencies:
    axios: ">=0.20.0"
    tough-cookie: ">=4.0.0"
  checksum: e2f678b0a1e03d53dda1ba24fe06baf5929f4e05d5c2eea3922a082bfec7ed4c3036a5cadddda6e1228b8a712351fd1c71435bcf89e657f5a75a6468703e96c1
  languageName: node
  linkType: hard

"axios@npm:^0.27.2":
  version: 0.27.2
  resolution: "axios@npm:0.27.2"
  dependencies:
    follow-redirects: ^1.14.9
    form-data: ^4.0.0
  checksum: 38cb7540465fe8c4102850c4368053c21683af85c5fdf0ea619f9628abbcb59415d1e22ebc8a6390d2bbc9b58a9806c874f139767389c862ec9b772235f06854
  languageName: node
  linkType: hard

"boolbase@npm:^1.0.0":
  version: 1.0.0
  resolution: "boolbase@npm:1.0.0"
  checksum: 3e25c80ef626c3a3487c73dbfc70ac322ec830666c9ad915d11b701142fab25ec1e63eff2c450c74347acfd2de854ccde865cd79ef4db1683f7c7b046ea43bb0
  languageName: node
  linkType: hard

"browser-process-hrtime@npm:^1.0.0":
  version: 1.0.0
  resolution: "browser-process-hrtime@npm:1.0.0"
  checksum: e30f868cdb770b1201afb714ad1575dd86366b6e861900884665fb627109b3cc757c40067d3bfee1ff2a29c835257ea30725a8018a9afd02ac1c24b408b1e45f
  languageName: node
  linkType: hard

"chalk@npm:4":
  version: 4.1.2
  resolution: "chalk@npm:4.1.2"
  dependencies:
    ansi-styles: ^4.1.0
    supports-color: ^7.1.0
  checksum: fe75c9d5c76a7a98d45495b91b2172fa3b7a09e0cc9370e5c8feb1c567b85c4288e2b3fded7cfdd7359ac28d6b3844feb8b82b8686842e93d23c827c417e83fc
  languageName: node
  linkType: hard

"cheerio-select@npm:^2.1.0":
  version: 2.1.0
  resolution: "cheerio-select@npm:2.1.0"
  dependencies:
    boolbase: ^1.0.0
    css-select: ^5.1.0
    css-what: ^6.1.0
    domelementtype: ^2.3.0
    domhandler: ^5.0.3
    domutils: ^3.0.1
  checksum: 843d6d479922f28a6c5342c935aff1347491156814de63c585a6eb73baf7bb4185c1b4383a1195dca0f12e3946d737c7763bcef0b9544c515d905c5c44c5308b
  languageName: node
  linkType: hard

"cheerio@npm:1.0.0-rc.12":
  version: 1.0.0-rc.12
  resolution: "cheerio@npm:1.0.0-rc.12"
  dependencies:
    cheerio-select: ^2.1.0
    dom-serializer: ^2.0.0
    domhandler: ^5.0.3
    domutils: ^3.0.1
    htmlparser2: ^8.0.1
    parse5: ^7.0.0
    parse5-htmlparser2-tree-adapter: ^7.0.0
  checksum: 5d4c1b7a53cf22d3a2eddc0aff70cf23cbb30d01a4c79013e703a012475c02461aa1fcd99127e8d83a02216386ed6942b2c8103845fd0812300dd199e6e7e054
  languageName: node
  linkType: hard

"color-convert@npm:^2.0.1":
  version: 2.0.1
  resolution: "color-convert@npm:2.0.1"
  dependencies:
    color-name: ~1.1.4
  checksum: 79e6bdb9fd479a205c71d89574fccfb22bd9053bd98c6c4d870d65c132e5e904e6034978e55b43d69fcaa7433af2016ee203ce76eeba9cfa554b373e7f7db336
  languageName: node
  linkType: hard

"color-name@npm:~1.1.4":
  version: 1.1.4
  resolution: "color-name@npm:1.1.4"
  checksum: b0445859521eb4021cd0fb0cc1a75cecf67fceecae89b63f62b201cca8d345baf8b952c966862a9d9a2632987d4f6581f0ec8d957dfacece86f0a7919316f610
  languageName: node
  linkType: hard

"combined-stream@npm:^1.0.8":
  version: 1.0.8
  resolution: "combined-stream@npm:1.0.8"
  dependencies:
    delayed-stream: ~1.0.0
  checksum: 49fa4aeb4916567e33ea81d088f6584749fc90c7abec76fd516bf1c5aa5c79f3584b5ba3de6b86d26ddd64bae5329c4c7479343250cfe71c75bb366eae53bb7c
  languageName: node
  linkType: hard

"create-require@npm:^1.1.0":
  version: 1.1.1
  resolution: "create-require@npm:1.1.1"
  checksum: a9a1503d4390d8b59ad86f4607de7870b39cad43d929813599a23714831e81c520bddf61bcdd1f8e30f05fd3a2b71ae8538e946eb2786dc65c2bbc520f692eff
  languageName: node
  linkType: hard

"css-select@npm:^5.1.0":
  version: 5.1.0
  resolution: "css-select@npm:5.1.0"
  dependencies:
    boolbase: ^1.0.0
    css-what: ^6.1.0
    domhandler: ^5.0.2
    domutils: ^3.0.1
    nth-check: ^2.0.1
  checksum: 2772c049b188d3b8a8159907192e926e11824aea525b8282981f72ba3f349cf9ecd523fdf7734875ee2cb772246c22117fc062da105b6d59afe8dcd5c99c9bda
  languageName: node
  linkType: hard

"css-what@npm:^6.1.0":
  version: 6.1.0
  resolution: "css-what@npm:6.1.0"
  checksum: b975e547e1e90b79625918f84e67db5d33d896e6de846c9b584094e529f0c63e2ab85ee33b9daffd05bff3a146a1916bec664e18bb76dd5f66cbff9fc13b2bbe
  languageName: node
  linkType: hard

"cssom@npm:^0.5.0":
  version: 0.5.0
  resolution: "cssom@npm:0.5.0"
  checksum: 823471aa30091c59e0a305927c30e7768939b6af70405808f8d2ce1ca778cddcb24722717392438329d1691f9a87cb0183b64b8d779b56a961546d54854fde01
  languageName: node
  linkType: hard

"cssom@npm:~0.3.6":
  version: 0.3.8
  resolution: "cssom@npm:0.3.8"
  checksum: 24beb3087c76c0d52dd458be9ee1fbc80ac771478a9baef35dd258cdeb527c68eb43204dd439692bb2b1ae5272fa5f2946d10946edab0d04f1078f85e06bc7f6
  languageName: node
  linkType: hard

"cssstyle@npm:^2.3.0":
  version: 2.3.0
  resolution: "cssstyle@npm:2.3.0"
  dependencies:
    cssom: ~0.3.6
  checksum: 5f05e6fd2e3df0b44695c2f08b9ef38b011862b274e320665176467c0725e44a53e341bc4959a41176e83b66064ab786262e7380fd1cabeae6efee0d255bb4e3
  languageName: node
  linkType: hard

"data-urls@npm:^3.0.2":
  version: 3.0.2
  resolution: "data-urls@npm:3.0.2"
  dependencies:
    abab: ^2.0.6
    whatwg-mimetype: ^3.0.0
    whatwg-url: ^11.0.0
  checksum: 033fc3dd0fba6d24bc9a024ddcf9923691dd24f90a3d26f6545d6a2f71ec6956f93462f2cdf2183cc46f10dc01ed3bcb36731a8208456eb1a08147e571fe2a76
  languageName: node
  linkType: hard

"date-format@npm:^4.0.13":
  version: 4.0.13
  resolution: "date-format@npm:4.0.13"
  checksum: b4584fdd43d31e9c900da775cce4806903ba207e21f79d99959858141849d41ec919f941d1fb2e4efd2355ce1909ca1fe41a5184568c74cb540cf24c4f8bb39b
  languageName: node
  linkType: hard

"debug@npm:2":
  version: 2.6.9
  resolution: "debug@npm:2.6.9"
  dependencies:
    ms: 2.0.0
  checksum: d2f51589ca66df60bf36e1fa6e4386b318c3f1e06772280eea5b1ae9fd3d05e9c2b7fd8a7d862457d00853c75b00451aa2d7459b924629ee385287a650f58fe6
  languageName: node
  linkType: hard

"debug@npm:4, debug@npm:^4.3.4":
  version: 4.3.4
  resolution: "debug@npm:4.3.4"
  dependencies:
    ms: 2.1.2
  peerDependenciesMeta:
    supports-color:
      optional: true
  checksum: 3dbad3f94ea64f34431a9cbf0bafb61853eda57bff2880036153438f50fb5a84f27683ba0d8e5426bf41a8c6ff03879488120cf5b3a761e77953169c0600a708
  languageName: node
  linkType: hard

"debug@npm:^3.2.6":
  version: 3.2.7
  resolution: "debug@npm:3.2.7"
  dependencies:
    ms: ^2.1.1
  checksum: b3d8c5940799914d30314b7c3304a43305fd0715581a919dacb8b3176d024a782062368405b47491516d2091d6462d4d11f2f4974a405048094f8bfebfa3071c
  languageName: node
  linkType: hard

"decimal.js@npm:^10.3.1":
  version: 10.4.0
  resolution: "decimal.js@npm:10.4.0"
  checksum: 98702d9d817a9e5b3767ea6580e7f3b35544b9454e463a5dd5d3232131470f39067d02864c45cab009eb1200bc162cd26a33d34c622cd79e4657a3e25e95fb4e
  languageName: node
  linkType: hard

"deep-is@npm:~0.1.3":
  version: 0.1.4
  resolution: "deep-is@npm:0.1.4"
  checksum: edb65dd0d7d1b9c40b2f50219aef30e116cedd6fc79290e740972c132c09106d2e80aa0bc8826673dd5a00222d4179c84b36a790eef63a4c4bca75a37ef90804
  languageName: node
  linkType: hard

"delayed-stream@npm:~1.0.0":
  version: 1.0.0
  resolution: "delayed-stream@npm:1.0.0"
  checksum: 46fe6e83e2cb1d85ba50bd52803c68be9bd953282fa7096f51fc29edd5d67ff84ff753c51966061e5ba7cb5e47ef6d36a91924eddb7f3f3483b1c560f77a0020
  languageName: node
  linkType: hard

"diff@npm:^4.0.1":
  version: 4.0.2
  resolution: "diff@npm:4.0.2"
  checksum: f2c09b0ce4e6b301c221addd83bf3f454c0bc00caa3dd837cf6c127d6edf7223aa2bbe3b688feea110b7f262adbfc845b757c44c8a9f8c0c5b15d8fa9ce9d20d
  languageName: node
  linkType: hard

"dom-serializer@npm:^2.0.0":
  version: 2.0.0
  resolution: "dom-serializer@npm:2.0.0"
  dependencies:
    domelementtype: ^2.3.0
    domhandler: ^5.0.2
    entities: ^4.2.0
  checksum: cd1810544fd8cdfbd51fa2c0c1128ec3a13ba92f14e61b7650b5de421b88205fd2e3f0cc6ace82f13334114addb90ed1c2f23074a51770a8e9c1273acbc7f3e6
  languageName: node
  linkType: hard

"domelementtype@npm:^2.3.0":
  version: 2.3.0
  resolution: "domelementtype@npm:2.3.0"
  checksum: ee837a318ff702622f383409d1f5b25dd1024b692ef64d3096ff702e26339f8e345820f29a68bcdcea8cfee3531776b3382651232fbeae95612d6f0a75efb4f6
  languageName: node
  linkType: hard

"domexception@npm:^4.0.0":
  version: 4.0.0
  resolution: "domexception@npm:4.0.0"
  dependencies:
    webidl-conversions: ^7.0.0
  checksum: ddbc1268edf33a8ba02ccc596735ede80375ee0cf124b30d2f05df5b464ba78ef4f49889b6391df4a04954e63d42d5631c7fcf8b1c4f12bc531252977a5f13d5
  languageName: node
  linkType: hard

"domhandler@npm:^5.0.1, domhandler@npm:^5.0.2, domhandler@npm:^5.0.3":
  version: 5.0.3
  resolution: "domhandler@npm:5.0.3"
  dependencies:
    domelementtype: ^2.3.0
  checksum: 0f58f4a6af63e6f3a4320aa446d28b5790a009018707bce2859dcb1d21144c7876482b5188395a188dfa974238c019e0a1e610d2fc269a12b2c192ea2b0b131c
  languageName: node
  linkType: hard

"domutils@npm:^3.0.1":
  version: 3.0.1
  resolution: "domutils@npm:3.0.1"
  dependencies:
    dom-serializer: ^2.0.0
    domelementtype: ^2.3.0
    domhandler: ^5.0.1
  checksum: 23aa7a840572d395220e173cb6263b0d028596e3950100520870a125af33ff819e6f609e1606d6f7d73bd9e7feb03bb404286e57a39063b5384c62b724d987b3
  languageName: node
  linkType: hard

"entities@npm:^4.2.0, entities@npm:^4.3.0, entities@npm:^4.4.0":
  version: 4.4.0
  resolution: "entities@npm:4.4.0"
  checksum: 84d250329f4b56b40fa93ed067b194db21e8815e4eb9b59f43a086f0ecd342814f6bc483de8a77da5d64e0f626033192b1b4f1792232a7ea6b970ebe0f3187c2
  languageName: node
  linkType: hard

"escodegen@npm:^2.0.0":
  version: 2.0.0
  resolution: "escodegen@npm:2.0.0"
  dependencies:
    esprima: ^4.0.1
    estraverse: ^5.2.0
    esutils: ^2.0.2
    optionator: ^0.8.1
    source-map: ~0.6.1
  dependenciesMeta:
    source-map:
      optional: true
  bin:
    escodegen: bin/escodegen.js
    esgenerate: bin/esgenerate.js
  checksum: 5aa6b2966fafe0545e4e77936300cc94ad57cfe4dc4ebff9950492eaba83eef634503f12d7e3cbd644ecc1bab388ad0e92b06fd32222c9281a75d1cf02ec6cef
  languageName: node
  linkType: hard

"esprima@npm:^4.0.1":
  version: 4.0.1
  resolution: "esprima@npm:4.0.1"
  bin:
    esparse: ./bin/esparse.js
    esvalidate: ./bin/esvalidate.js
  checksum: b45bc805a613dbea2835278c306b91aff6173c8d034223fa81498c77dcbce3b2931bf6006db816f62eacd9fd4ea975dfd85a5b7f3c6402cfd050d4ca3c13a628
  languageName: node
  linkType: hard

"estraverse@npm:^5.2.0":
  version: 5.3.0
  resolution: "estraverse@npm:5.3.0"
  checksum: 072780882dc8416ad144f8fe199628d2b3e7bbc9989d9ed43795d2c90309a2047e6bc5979d7e2322a341163d22cfad9e21f4110597fe487519697389497e4e2b
  languageName: node
  linkType: hard

"esutils@npm:^2.0.2":
  version: 2.0.3
  resolution: "esutils@npm:2.0.3"
  checksum: 22b5b08f74737379a840b8ed2036a5fb35826c709ab000683b092d9054e5c2a82c27818f12604bfc2a9a76b90b6834ef081edbc1c7ae30d1627012e067c6ec87
  languageName: node
  linkType: hard

"fast-levenshtein@npm:~2.0.6":
  version: 2.0.6
  resolution: "fast-levenshtein@npm:2.0.6"
  checksum: 92cfec0a8dfafd9c7a15fba8f2cc29cd0b62b85f056d99ce448bbcd9f708e18ab2764bda4dd5158364f4145a7c72788538994f0d1787b956ef0d1062b0f7c24c
  languageName: node
  linkType: hard

"flatted@npm:^3.2.6":
  version: 3.2.7
  resolution: "flatted@npm:3.2.7"
  checksum: 427633049d55bdb80201c68f7eb1cbd533e03eac541f97d3aecab8c5526f12a20ccecaeede08b57503e772c769e7f8680b37e8d482d1e5f8d7e2194687f9ea35
  languageName: node
  linkType: hard

"follow-redirects@npm:^1.14.9":
  version: 1.15.2
  resolution: "follow-redirects@npm:1.15.2"
  peerDependenciesMeta:
    debug:
      optional: true
  checksum: faa66059b66358ba65c234c2f2a37fcec029dc22775f35d9ad6abac56003268baf41e55f9ee645957b32c7d9f62baf1f0b906e68267276f54ec4b4c597c2b190
  languageName: node
  linkType: hard

"form-data@npm:^3.0.0":
  version: 3.0.1
  resolution: "form-data@npm:3.0.1"
  dependencies:
    asynckit: ^0.4.0
    combined-stream: ^1.0.8
    mime-types: ^2.1.12
  checksum: b019e8d35c8afc14a2bd8a7a92fa4f525a4726b6d5a9740e8d2623c30e308fbb58dc8469f90415a856698933c8479b01646a9dff33c87cc4e76d72aedbbf860d
  languageName: node
  linkType: hard

"form-data@npm:^4.0.0":
  version: 4.0.0
  resolution: "form-data@npm:4.0.0"
  dependencies:
    asynckit: ^0.4.0
    combined-stream: ^1.0.8
    mime-types: ^2.1.12
  checksum: 01135bf8675f9d5c61ff18e2e2932f719ca4de964e3be90ef4c36aacfc7b9cb2fceb5eca0b7e0190e3383fe51c5b37f4cb80b62ca06a99aaabfcfd6ac7c9328c
  languageName: node
  linkType: hard

"fs-extra@npm:^8.1.0":
  version: 8.1.0
  resolution: "fs-extra@npm:8.1.0"
  dependencies:
    graceful-fs: ^4.2.0
    jsonfile: ^4.0.0
    universalify: ^0.1.0
  checksum: bf44f0e6cea59d5ce071bba4c43ca76d216f89e402dc6285c128abc0902e9b8525135aa808adad72c9d5d218e9f4bcc63962815529ff2f684ad532172a284880
  languageName: node
  linkType: hard

"get-stream@npm:^6.0.0":
  version: 6.0.1
  resolution: "get-stream@npm:6.0.1"
  checksum: e04ecece32c92eebf5b8c940f51468cd53554dcbb0ea725b2748be583c9523d00128137966afce410b9b051eb2ef16d657cd2b120ca8edafcf5a65e81af63cad
  languageName: node
  linkType: hard

"graceful-fs@npm:^4.1.6, graceful-fs@npm:^4.2.0":
  version: 4.2.10
  resolution: "graceful-fs@npm:4.2.10"
  checksum: 3f109d70ae123951905d85032ebeae3c2a5a7a997430df00ea30df0e3a6c60cf6689b109654d6fdacd28810a053348c4d14642da1d075049e6be1ba5216218da
  languageName: node
  linkType: hard

"has-flag@npm:^4.0.0":
  version: 4.0.0
  resolution: "has-flag@npm:4.0.0"
  checksum: 261a1357037ead75e338156b1f9452c016a37dcd3283a972a30d9e4a87441ba372c8b81f818cd0fbcd9c0354b4ae7e18b9e1afa1971164aef6d18c2b6095a8ad
  languageName: node
  linkType: hard

"html-encoding-sniffer@npm:^3.0.0":
  version: 3.0.0
  resolution: "html-encoding-sniffer@npm:3.0.0"
  dependencies:
    whatwg-encoding: ^2.0.0
  checksum: 8d806aa00487e279e5ccb573366a951a9f68f65c90298eac9c3a2b440a7ffe46615aff2995a2f61c6746c639234e6179a97e18ca5ccbbf93d3725ef2099a4502
  languageName: node
  linkType: hard

"htmlparser2@npm:^8.0.1":
  version: 8.0.1
  resolution: "htmlparser2@npm:8.0.1"
  dependencies:
    domelementtype: ^2.3.0
    domhandler: ^5.0.2
    domutils: ^3.0.1
    entities: ^4.3.0
  checksum: 06d5c71e8313597722bc429ae2a7a8333d77bd3ab07ccb916628384b37332027b047f8619448d8f4a3312b6609c6ea3302a4e77435d859e9e686999e6699ca39
  languageName: node
  linkType: hard

"http-cookie-agent@npm:^4.0.2":
  version: 4.0.2
  resolution: "http-cookie-agent@npm:4.0.2"
  dependencies:
    agent-base: ^6.0.2
  peerDependencies:
    deasync: ^0.1.26
    tough-cookie: ^4.0.0
    undici: ^5.1.1
  peerDependenciesMeta:
    deasync:
      optional: true
    undici:
      optional: true
  checksum: 864a23c555d9ccaee4b5dbac7e61a05283aae76d1bbce9c809ed79b0e472da7df496200c1129699ec128c67e8dea7b5a663ada1ae8f11e6ec88461c5b21ab3b9
  languageName: node
  linkType: hard

"http-proxy-agent@npm:^5.0.0":
  version: 5.0.0
  resolution: "http-proxy-agent@npm:5.0.0"
  dependencies:
    "@tootallnate/once": 2
    agent-base: 6
    debug: 4
  checksum: e2ee1ff1656a131953839b2a19cd1f3a52d97c25ba87bd2559af6ae87114abf60971e498021f9b73f9fd78aea8876d1fb0d4656aac8a03c6caa9fc175f22b786
  languageName: node
  linkType: hard

"https-proxy-agent@npm:^5.0.0, https-proxy-agent@npm:^5.0.1":
  version: 5.0.1
  resolution: "https-proxy-agent@npm:5.0.1"
  dependencies:
    agent-base: 6
    debug: 4
  checksum: 571fccdf38184f05943e12d37d6ce38197becdd69e58d03f43637f7fa1269cf303a7d228aa27e5b27bbd3af8f09fd938e1c91dcfefff2df7ba77c20ed8dfc765
  languageName: node
  linkType: hard

"iconv-lite@npm:0.6.3":
  version: 0.6.3
  resolution: "iconv-lite@npm:0.6.3"
  dependencies:
    safer-buffer: ">= 2.1.2 < 3.0.0"
  checksum: 3f60d47a5c8fc3313317edfd29a00a692cc87a19cac0159e2ce711d0ebc9019064108323b5e493625e25594f11c6236647d8e256fbe7a58f4a3b33b89e6d30bf
  languageName: node
  linkType: hard

"iconv-lite@npm:^0.4.4":
  version: 0.4.24
  resolution: "iconv-lite@npm:0.4.24"
  dependencies:
    safer-buffer: ">= 2.1.2 < 3"
  checksum: bd9f120f5a5b306f0bc0b9ae1edeb1577161503f5f8252a20f1a9e56ef8775c9959fd01c55f2d3a39d9a8abaf3e30c1abeb1895f367dcbbe0a8fd1c9ca01c4f6
  languageName: node
  linkType: hard

"is-potential-custom-element-name@npm:^1.0.1":
  version: 1.0.1
  resolution: "is-potential-custom-element-name@npm:1.0.1"
  checksum: ced7bbbb6433a5b684af581872afe0e1767e2d1146b2207ca0068a648fb5cab9d898495d1ac0583524faaf24ca98176a7d9876363097c2d14fee6dd324f3a1ab
  languageName: node
  linkType: hard

"is-stream@npm:^2.0.0":
  version: 2.0.1
  resolution: "is-stream@npm:2.0.1"
  checksum: b8e05ccdf96ac330ea83c12450304d4a591f9958c11fd17bed240af8d5ffe08aedafa4c0f4cfccd4d28dc9d4d129daca1023633d5c11601a6cbc77521f6fae66
  languageName: node
  linkType: hard

"jsdom@npm:^20.0.0":
  version: 20.0.0
  resolution: "jsdom@npm:20.0.0"
  dependencies:
    abab: ^2.0.6
    acorn: ^8.7.1
    acorn-globals: ^6.0.0
    cssom: ^0.5.0
    cssstyle: ^2.3.0
    data-urls: ^3.0.2
    decimal.js: ^10.3.1
    domexception: ^4.0.0
    escodegen: ^2.0.0
    form-data: ^4.0.0
    html-encoding-sniffer: ^3.0.0
    http-proxy-agent: ^5.0.0
    https-proxy-agent: ^5.0.1
    is-potential-custom-element-name: ^1.0.1
    nwsapi: ^2.2.0
    parse5: ^7.0.0
    saxes: ^6.0.0
    symbol-tree: ^3.2.4
    tough-cookie: ^4.0.0
    w3c-hr-time: ^1.0.2
    w3c-xmlserializer: ^3.0.0
    webidl-conversions: ^7.0.0
    whatwg-encoding: ^2.0.0
    whatwg-mimetype: ^3.0.0
    whatwg-url: ^11.0.0
    ws: ^8.8.0
    xml-name-validator: ^4.0.0
  peerDependencies:
    canvas: ^2.5.0
  peerDependenciesMeta:
    canvas:
      optional: true
  checksum: f69b40679d8cfaee2353615445aaff08b823c53dc7778ede6592d02ed12b3e9fb4e8db2b6d033551b67e08424a3adb2b79d231caa7dcda2d16019c20c705c11f
  languageName: node
  linkType: hard

"jsonfile@npm:^4.0.0":
  version: 4.0.0
  resolution: "jsonfile@npm:4.0.0"
  dependencies:
    graceful-fs: ^4.1.6
  dependenciesMeta:
    graceful-fs:
      optional: true
  checksum: 6447d6224f0d31623eef9b51185af03ac328a7553efcee30fa423d98a9e276ca08db87d71e17f2310b0263fd3ffa6c2a90a6308367f661dc21580f9469897c9e
  languageName: node
  linkType: hard

"levn@npm:~0.3.0":
  version: 0.3.0
  resolution: "levn@npm:0.3.0"
  dependencies:
    prelude-ls: ~1.1.2
    type-check: ~0.3.2
  checksum: 0d084a524231a8246bb10fec48cdbb35282099f6954838604f3c7fc66f2e16fa66fd9cc2f3f20a541a113c4dafdf181e822c887c8a319c9195444e6c64ac395e
  languageName: node
  linkType: hard

"lodash.merge@npm:^4.6.2":
  version: 4.6.2
  resolution: "lodash.merge@npm:4.6.2"
  checksum: ad580b4bdbb7ca1f7abf7e1bce63a9a0b98e370cf40194b03380a46b4ed799c9573029599caebc1b14e3f24b111aef72b96674a56cfa105e0f5ac70546cdc005
  languageName: node
  linkType: hard

"log4js@npm:^6.3.0":
  version: 6.6.1
  resolution: "log4js@npm:6.6.1"
  dependencies:
    date-format: ^4.0.13
    debug: ^4.3.4
    flatted: ^3.2.6
    rfdc: ^1.3.0
    streamroller: ^3.1.2
  checksum: 68f29e7b8b0efa2f987e65ee122fde0bc806dd7ad20f0a9f2da316696423e42381ba348bd6e2f6a2feba042a6ed33c14955210741f47ab897b3204aba8bcd84b
  languageName: node
  linkType: hard

"long@npm:^4.0.0":
  version: 4.0.0
  resolution: "long@npm:4.0.0"
  checksum: 16afbe8f749c7c849db1f4de4e2e6a31ac6e617cead3bdc4f9605cb703cd20e1e9fc1a7baba674ffcca57d660a6e5b53a9e236d7b25a295d3855cca79cc06744
  languageName: node
  linkType: hard

"make-error@npm:^1.1.1":
  version: 1.3.6
  resolution: "make-error@npm:1.3.6"
  checksum: b86e5e0e25f7f777b77fabd8e2cbf15737972869d852a22b7e73c17623928fccb826d8e46b9951501d3f20e51ad74ba8c59ed584f610526a48f8ccf88aaec402
  languageName: node
  linkType: hard

"mime-db@npm:1.52.0":
  version: 1.52.0
  resolution: "mime-db@npm:1.52.0"
  checksum: 0d99a03585f8b39d68182803b12ac601d9c01abfa28ec56204fa330bc9f3d1c5e14beb049bafadb3dbdf646dfb94b87e24d4ec7b31b7279ef906a8ea9b6a513f
  languageName: node
  linkType: hard

"mime-types@npm:^2.1.12":
  version: 2.1.35
  resolution: "mime-types@npm:2.1.35"
  dependencies:
    mime-db: 1.52.0
  checksum: 89a5b7f1def9f3af5dad6496c5ed50191ae4331cc5389d7c521c8ad28d5fdad2d06fd81baf38fed813dc4e46bb55c8145bb0ff406330818c9cf712fb2e9b3836
  languageName: node
  linkType: hard

"ms@npm:2.0.0":
  version: 2.0.0
  resolution: "ms@npm:2.0.0"
  checksum: 0e6a22b8b746d2e0b65a430519934fefd41b6db0682e3477c10f60c76e947c4c0ad06f63ffdf1d78d335f83edee8c0aa928aa66a36c7cd95b69b26f468d527f4
  languageName: node
  linkType: hard

"ms@npm:2.1.2":
  version: 2.1.2
  resolution: "ms@npm:2.1.2"
  checksum: 673cdb2c3133eb050c745908d8ce632ed2c02d85640e2edb3ace856a2266a813b30c613569bf3354fdf4ea7d1a1494add3bfa95e2713baa27d0c2c71fc44f58f
  languageName: node
  linkType: hard

"ms@npm:^2.1.1":
  version: 2.1.3
  resolution: "ms@npm:2.1.3"
  checksum: aa92de608021b242401676e35cfa5aa42dd70cbdc082b916da7fb925c542173e36bce97ea3e804923fe92c0ad991434e4a38327e15a1b5b5f945d66df615ae6d
  languageName: node
  linkType: hard

"needle@npm:^2.5.2":
  version: 2.9.1
  resolution: "needle@npm:2.9.1"
  dependencies:
    debug: ^3.2.6
    iconv-lite: ^0.4.4
    sax: ^1.2.4
  bin:
    needle: ./bin/needle
  checksum: 746ae3a3782f0a057ff304a98843cc6f2009f978a0fad0c3e641a9d46d0b5702bb3e197ba08aecd48678067874a991c4f5fc320c7e51a4c041d9dd3441146cf0
  languageName: node
  linkType: hard

"node-fetch@npm:^2.2.0":
  version: 2.6.9
  resolution: "node-fetch@npm:2.6.9"
  dependencies:
    whatwg-url: ^5.0.0
  peerDependencies:
    encoding: ^0.1.0
  peerDependenciesMeta:
    encoding:
      optional: true
  checksum: acb04f9ce7224965b2b59e71b33c639794d8991efd73855b0b250921382b38331ffc9d61bce502571f6cc6e11a8905ca9b1b6d4aeb586ab093e2756a1fd190d0
  languageName: node
  linkType: hard

"nth-check@npm:^2.0.1":
  version: 2.1.1
  resolution: "nth-check@npm:2.1.1"
  dependencies:
    boolbase: ^1.0.0
  checksum: 5afc3dafcd1573b08877ca8e6148c52abd565f1d06b1eb08caf982e3fa289a82f2cae697ffb55b5021e146d60443f1590a5d6b944844e944714a5b549675bcd3
  languageName: node
  linkType: hard

"nwsapi@npm:^2.2.0":
  version: 2.2.2
  resolution: "nwsapi@npm:2.2.2"
  checksum: 43769106292bc95f776756ca2f3513dab7b4d506a97c67baec32406447841a35f65f29c1f95ab5d42785210fd41668beed33ca16fa058780be43b101ad73e205
  languageName: node
  linkType: hard

"oicq@git+https://github.com/Clansty/oicq#commit=6c3f34adc681e73c2511f1f49a79fb387dcd1555":
  version: 2.3.1
  resolution: "oicq@https://github.com/Clansty/oicq.git#commit=6c3f34adc681e73c2511f1f49a79fb387dcd1555"
  dependencies:
    axios: ^0.27.2
    log4js: ^6.3.0
    long: ^4.0.0
    pngjs: ^6.0.0
    probe-image-size: ^7.2.2
  checksum: 27932ed34fc2fafd6aa6a2f7b4ed361ade6caed98b1b36c465c011f7716240c6c44bec1d8c36f52c878bc1f28df03c485236bd93932cdd462509401471b7be21
  languageName: node
  linkType: hard

"optionator@npm:^0.8.1":
  version: 0.8.3
  resolution: "optionator@npm:0.8.3"
  dependencies:
    deep-is: ~0.1.3
    fast-levenshtein: ~2.0.6
    levn: ~0.3.0
    prelude-ls: ~1.1.2
    type-check: ~0.3.2
    word-wrap: ~1.2.3
  checksum: b8695ddf3d593203e25ab0900e265d860038486c943ff8b774f596a310f8ceebdb30c6832407a8198ba3ec9debe1abe1f51d4aad94843612db3b76d690c61d34
  languageName: node
  linkType: hard

"parse5-htmlparser2-tree-adapter@npm:^7.0.0":
  version: 7.0.0
  resolution: "parse5-htmlparser2-tree-adapter@npm:7.0.0"
  dependencies:
    domhandler: ^5.0.2
    parse5: ^7.0.0
  checksum: fc5d01e07733142a1baf81de5c2a9c41426c04b7ab29dd218acb80cd34a63177c90aff4a4aee66cf9f1d0aeecff1389adb7452ad6f8af0a5888e3e9ad6ef733d
  languageName: node
  linkType: hard

"parse5@npm:^7.0.0":
  version: 7.1.1
  resolution: "parse5@npm:7.1.1"
  dependencies:
    entities: ^4.4.0
  checksum: 8f72fbfa6df83a3f29f58e1818f7bd46b47ff3e26d79c74e10b8fc7ef7ee76163f205113f1b2f6a5b8dc4e31e726f490444f04890cead6e974dbcbe8172b1321
  languageName: node
  linkType: hard

"pngjs@npm:^6.0.0":
  version: 6.0.0
  resolution: "pngjs@npm:6.0.0"
  checksum: ab6c285086060087097eab9fe6b5a528a24f9e79c03dea2b4fd6264ed4fdb5beff4a3257eeeaf2a9dc18249b539609c2a4e4013c567164a1f6b5ba2c974d5ecb
  languageName: node
  linkType: hard

"prelude-ls@npm:~1.1.2":
  version: 1.1.2
  resolution: "prelude-ls@npm:1.1.2"
  checksum: c4867c87488e4a0c233e158e4d0d5565b609b105d75e4c05dc760840475f06b731332eb93cc8c9cecb840aa8ec323ca3c9a56ad7820ad2e63f0261dadcb154e4
  languageName: node
  linkType: hard

"probe-image-size@npm:^7.2.2":
  version: 7.2.3
  resolution: "probe-image-size@npm:7.2.3"
  dependencies:
    lodash.merge: ^4.6.2
    needle: ^2.5.2
    stream-parser: ~0.3.1
  checksum: 1a5eeb8f5cb979172144a5d7a017c70fcd664ccc8af9ad3a803903ee81864abea4036adae4fc6e66e9ae21bd3ce0febefaf1f32e65a77ff226b2eb61e9e4978c
  languageName: node
  linkType: hard

"psl@npm:^1.1.33":
  version: 1.9.0
  resolution: "psl@npm:1.9.0"
  checksum: 20c4277f640c93d393130673f392618e9a8044c6c7bf61c53917a0fddb4952790f5f362c6c730a9c32b124813e173733f9895add8d26f566ed0ea0654b2e711d
  languageName: node
  linkType: hard

"punycode@npm:^2.1.1":
  version: 2.1.1
  resolution: "punycode@npm:2.1.1"
  checksum: 823bf443c6dd14f669984dea25757b37993f67e8d94698996064035edd43bed8a5a17a9f12e439c2b35df1078c6bec05a6c86e336209eb1061e8025c481168e8
  languageName: node
  linkType: hard

"querystringify@npm:^2.1.1":
  version: 2.2.0
  resolution: "querystringify@npm:2.2.0"
  checksum: 5641ea231bad7ef6d64d9998faca95611ed4b11c2591a8cae741e178a974f6a8e0ebde008475259abe1621cb15e692404e6b6626e927f7b849d5c09392604b15
  languageName: node
  linkType: hard

"requires-port@npm:^1.0.0":
  version: 1.0.0
  resolution: "requires-port@npm:1.0.0"
  checksum: eee0e303adffb69be55d1a214e415cf42b7441ae858c76dfc5353148644f6fd6e698926fc4643f510d5c126d12a705e7c8ed7e38061113bdf37547ab356797ff
  languageName: node
  linkType: hard

"rfdc@npm:^1.3.0":
  version: 1.3.0
  resolution: "rfdc@npm:1.3.0"
  checksum: fb2ba8512e43519983b4c61bd3fa77c0f410eff6bae68b08614437bc3f35f91362215f7b4a73cbda6f67330b5746ce07db5dd9850ad3edc91271ad6deea0df32
  languageName: node
  linkType: hard

"safer-buffer@npm:>= 2.1.2 < 3, safer-buffer@npm:>= 2.1.2 < 3.0.0":
  version: 2.1.2
  resolution: "safer-buffer@npm:2.1.2"
  checksum: cab8f25ae6f1434abee8d80023d7e72b598cf1327164ddab31003c51215526801e40b66c5e65d658a0af1e9d6478cadcb4c745f4bd6751f97d8644786c0978b0
  languageName: node
  linkType: hard

"sax@npm:^1.2.4":
  version: 1.2.4
  resolution: "sax@npm:1.2.4"
  checksum: d3df7d32b897a2c2f28e941f732c71ba90e27c24f62ee918bd4d9a8cfb3553f2f81e5493c7f0be94a11c1911b643a9108f231dd6f60df3fa9586b5d2e3e9e1fe
  languageName: node
  linkType: hard

"saxes@npm:^6.0.0":
  version: 6.0.0
  resolution: "saxes@npm:6.0.0"
  dependencies:
    xmlchars: ^2.2.0
  checksum: d3fa3e2aaf6c65ed52ee993aff1891fc47d5e47d515164b5449cbf5da2cbdc396137e55590472e64c5c436c14ae64a8a03c29b9e7389fc6f14035cf4e982ef3b
  languageName: node
  linkType: hard

"source-map@npm:~0.6.1":
  version: 0.6.1
  resolution: "source-map@npm:0.6.1"
  checksum: 59ce8640cf3f3124f64ac289012c2b8bd377c238e316fb323ea22fbfe83da07d81e000071d7242cad7a23cd91c7de98e4df8830ec3f133cb6133a5f6e9f67bc2
  languageName: node
  linkType: hard

"stream-parser@npm:~0.3.1":
  version: 0.3.1
  resolution: "stream-parser@npm:0.3.1"
  dependencies:
    debug: 2
  checksum: 4d86ff8cffe7c7587dc91433fff9dce38a93ea7e9f47560055addc81eae6b6befab22b75643ce539faf325fe2b17d371778242566bed086e75f6cffb1e76c06c
  languageName: node
  linkType: hard

"streamroller@npm:^3.1.2":
  version: 3.1.2
  resolution: "streamroller@npm:3.1.2"
  dependencies:
    date-format: ^4.0.13
    debug: ^4.3.4
    fs-extra: ^8.1.0
  checksum: 4215bf57fe80c583ba200075f9a62b9be9a3d7491201905bf7b5a09d7e87903a47f7c62b1ce0fd2161dbd497cac41068e8f48dda0f9bfceb084487de5798f043
  languageName: node
  linkType: hard

"superstar-checkin@workspace:.":
  version: 0.0.0-use.local
  resolution: "superstar-checkin@workspace:."
  dependencies:
    "@types/jsdom": ^20.0.0
    "@types/node": ^18.7.13
    axios: ^0.27.2
    axios-cookiejar-support: ^4.0.3
    chalk: 4
    cheerio: 1.0.0-rc.12
    jsdom: ^20.0.0
    oicq: "git+https://github.com/Clansty/oicq#commit=6c3f34adc681e73c2511f1f49a79fb387dcd1555"
    tencentcloud-sdk-nodejs: ^4.0.421
    tough-cookie: ^4.1.2
    ts-node: ^10.9.1
    tsc: ^2.0.4
    typescript: ^4.8.2
    yaml: ^2.1.1
  bin:
    superstar-checkin: build/index.js
  languageName: unknown
  linkType: soft

"supports-color@npm:^7.1.0":
  version: 7.2.0
  resolution: "supports-color@npm:7.2.0"
  dependencies:
    has-flag: ^4.0.0
  checksum: 3dda818de06ebbe5b9653e07842d9479f3555ebc77e9a0280caf5a14fb877ffee9ed57007c3b78f5a6324b8dbeec648d9e97a24e2ed9fdb81ddc69ea07100f4a
  languageName: node
  linkType: hard

"symbol-tree@npm:^3.2.4":
  version: 3.2.4
  resolution: "symbol-tree@npm:3.2.4"
  checksum: 6e8fc7e1486b8b54bea91199d9535bb72f10842e40c79e882fc94fb7b14b89866adf2fd79efa5ebb5b658bc07fb459ccce5ac0e99ef3d72f474e74aaf284029d
  languageName: node
  linkType: hard

"tencentcloud-sdk-nodejs@npm:^4.0.421":
  version: 4.0.536
  resolution: "tencentcloud-sdk-nodejs@npm:4.0.536"
  dependencies:
    form-data: ^3.0.0
    get-stream: ^6.0.0
    https-proxy-agent: ^5.0.0
    is-stream: ^2.0.0
    node-fetch: ^2.2.0
    tslib: 1.13.0
  checksum: 8fd15711a0ee0ae61f9bf3cbebb5e5705cc2c4ef1f761564754d6ac75d9e6e7318847a12d5a42d1dd9ae7d0be9bb8476bb262bdb96492e4f98d12de08186048a
  languageName: node
  linkType: hard

"tough-cookie@npm:^4.0.0, tough-cookie@npm:^4.1.2":
  version: 4.1.2
  resolution: "tough-cookie@npm:4.1.2"
  dependencies:
    psl: ^1.1.33
    punycode: ^2.1.1
    universalify: ^0.2.0
    url-parse: ^1.5.3
  checksum: a7359e9a3e875121a84d6ba40cc184dec5784af84f67f3a56d1d2ae39b87c0e004e6ba7c7331f9622a7d2c88609032473488b28fe9f59a1fec115674589de39a
  languageName: node
  linkType: hard

"tr46@npm:^3.0.0":
  version: 3.0.0
  resolution: "tr46@npm:3.0.0"
  dependencies:
    punycode: ^2.1.1
  checksum: 44c3cc6767fb800490e6e9fd64fd49041aa4e49e1f6a012b34a75de739cc9ed3a6405296072c1df8b6389ae139c5e7c6496f659cfe13a04a4bff3a1422981270
  languageName: node
  linkType: hard

"tr46@npm:~0.0.3":
  version: 0.0.3
  resolution: "tr46@npm:0.0.3"
  checksum: 726321c5eaf41b5002e17ffbd1fb7245999a073e8979085dacd47c4b4e8068ff5777142fc6726d6ca1fd2ff16921b48788b87225cbc57c72636f6efa8efbffe3
  languageName: node
  linkType: hard

"ts-node@npm:^10.9.1":
  version: 10.9.1
  resolution: "ts-node@npm:10.9.1"
  dependencies:
    "@cspotcode/source-map-support": ^0.8.0
    "@tsconfig/node10": ^1.0.7
    "@tsconfig/node12": ^1.0.7
    "@tsconfig/node14": ^1.0.0
    "@tsconfig/node16": ^1.0.2
    acorn: ^8.4.1
    acorn-walk: ^8.1.1
    arg: ^4.1.0
    create-require: ^1.1.0
    diff: ^4.0.1
    make-error: ^1.1.1
    v8-compile-cache-lib: ^3.0.1
    yn: 3.1.1
  peerDependencies:
    "@swc/core": ">=1.2.50"
    "@swc/wasm": ">=1.2.50"
    "@types/node": "*"
    typescript: ">=2.7"
  peerDependenciesMeta:
    "@swc/core":
      optional: true
    "@swc/wasm":
      optional: true
  bin:
    ts-node: dist/bin.js
    ts-node-cwd: dist/bin-cwd.js
    ts-node-esm: dist/bin-esm.js
    ts-node-script: dist/bin-script.js
    ts-node-transpile-only: dist/bin-transpile.js
    ts-script: dist/bin-script-deprecated.js
  checksum: 090adff1302ab20bd3486e6b4799e90f97726ed39e02b39e566f8ab674fd5bd5f727f43615debbfc580d33c6d9d1c6b1b3ce7d8e3cca3e20530a145ffa232c35
  languageName: node
  linkType: hard

"tsc@npm:^2.0.4":
  version: 2.0.4
  resolution: "tsc@npm:2.0.4"
  bin:
    tsc: bin/tsc
  checksum: 50b10240887424c66454687f0fca4e319713b35cb44f0dab228719eb4dd757251f83c3d79e60d29dfbe90c2d6f1272f793b83e75a9fca2c622b4213ad3eb8cb1
  languageName: node
  linkType: hard

"tslib@npm:1.13.0":
  version: 1.13.0
  resolution: "tslib@npm:1.13.0"
  checksum: 50e9327361f94f328c0715582a7f725f69838ab3c2559d143643c5367262fe14552768ba8cfc65bc7dc924a619aea599b3a28b6653458cdca77bbebaf9bc8df4
  languageName: node
  linkType: hard

"type-check@npm:~0.3.2":
  version: 0.3.2
  resolution: "type-check@npm:0.3.2"
  dependencies:
    prelude-ls: ~1.1.2
  checksum: dd3b1495642731bc0e1fc40abe5e977e0263005551ac83342ecb6f4f89551d106b368ec32ad3fb2da19b3bd7b2d1f64330da2ea9176d8ddbfe389fb286eb5124
  languageName: node
  linkType: hard

"typescript@npm:^4.8.2":
  version: 4.8.3
  resolution: "typescript@npm:4.8.3"
  bin:
    tsc: bin/tsc
    tsserver: bin/tsserver
  checksum: 8286a5edcaf3d68e65c451aa1e7150ad1cf53ee0813c07ec35b7abdfdb10f355ecaa13c6a226a694ae7a67785fd7eeebf89f845da0b4f7e4a35561ddc459aba0
  languageName: node
  linkType: hard

"typescript@patch:typescript@^4.8.2#~builtin<compat/typescript>":
  version: 4.8.3
  resolution: "typescript@patch:typescript@npm%3A4.8.3#~builtin<compat/typescript>::version=4.8.3&hash=a1c5e5"
  bin:
    tsc: bin/tsc
    tsserver: bin/tsserver
  checksum: 2222d2382fb3146089b1d27ce2b55e9d1f99cc64118f1aba75809b693b856c5d3c324f052f60c75b577947fc538bc1c27bad0eb76cbdba9a63a253489504ba7e
  languageName: node
  linkType: hard

"universalify@npm:^0.1.0":
  version: 0.1.2
  resolution: "universalify@npm:0.1.2"
  checksum: 40cdc60f6e61070fe658ca36016a8f4ec216b29bf04a55dce14e3710cc84c7448538ef4dad3728d0bfe29975ccd7bfb5f414c45e7b78883567fb31b246f02dff
  languageName: node
  linkType: hard

"universalify@npm:^0.2.0":
  version: 0.2.0
  resolution: "universalify@npm:0.2.0"
  checksum: e86134cb12919d177c2353196a4cc09981524ee87abf621f7bc8d249dbbbebaec5e7d1314b96061497981350df786e4c5128dbf442eba104d6e765bc260678b5
  languageName: node
  linkType: hard

"url-parse@npm:^1.5.3":
  version: 1.5.10
  resolution: "url-parse@npm:1.5.10"
  dependencies:
    querystringify: ^2.1.1
    requires-port: ^1.0.0
  checksum: fbdba6b1d83336aca2216bbdc38ba658d9cfb8fc7f665eb8b17852de638ff7d1a162c198a8e4ed66001ddbf6c9888d41e4798912c62b4fd777a31657989f7bdf
  languageName: node
  linkType: hard

"v8-compile-cache-lib@npm:^3.0.1":
  version: 3.0.1
  resolution: "v8-compile-cache-lib@npm:3.0.1"
  checksum: 78089ad549e21bcdbfca10c08850022b22024cdcc2da9b168bcf5a73a6ed7bf01a9cebb9eac28e03cd23a684d81e0502797e88f3ccd27a32aeab1cfc44c39da0
  languageName: node
  linkType: hard

"w3c-hr-time@npm:^1.0.2":
  version: 1.0.2
  resolution: "w3c-hr-time@npm:1.0.2"
  dependencies:
    browser-process-hrtime: ^1.0.0
  checksum: ec3c2dacbf8050d917bbf89537a101a08c2e333b4c19155f7d3bedde43529d4339db6b3d049d9610789cb915f9515f8be037e0c54c079e9d4735c50b37ed52b9
  languageName: node
  linkType: hard

"w3c-xmlserializer@npm:^3.0.0":
  version: 3.0.0
  resolution: "w3c-xmlserializer@npm:3.0.0"
  dependencies:
    xml-name-validator: ^4.0.0
  checksum: 0af8589942eeb11c9fe29eb31a1a09f3d5dd136aea53a9848dfbabff79ac0dd26fe13eb54d330d5555fe27bb50b28dca0715e09f9cc2bfa7670ccc8b7f919ca2
  languageName: node
  linkType: hard

"webidl-conversions@npm:^3.0.0":
  version: 3.0.1
  resolution: "webidl-conversions@npm:3.0.1"
  checksum: c92a0a6ab95314bde9c32e1d0a6dfac83b578f8fa5f21e675bc2706ed6981bc26b7eb7e6a1fab158e5ce4adf9caa4a0aee49a52505d4d13c7be545f15021b17c
  languageName: node
  linkType: hard

"webidl-conversions@npm:^7.0.0":
  version: 7.0.0
  resolution: "webidl-conversions@npm:7.0.0"
  checksum: f05588567a2a76428515333eff87200fae6c83c3948a7482ebb109562971e77ef6dc49749afa58abb993391227c5697b3ecca52018793e0cb4620a48f10bd21b
  languageName: node
  linkType: hard

"whatwg-encoding@npm:^2.0.0":
  version: 2.0.0
  resolution: "whatwg-encoding@npm:2.0.0"
  dependencies:
    iconv-lite: 0.6.3
  checksum: 7087810c410aa9b689cbd6af8773341a53cdc1f3aae2a882c163bd5522ec8ca4cdfc269aef417a5792f411807d5d77d50df4c24e3abb00bb60192858a40cc675
  languageName: node
  linkType: hard

"whatwg-mimetype@npm:^3.0.0":
  version: 3.0.0
  resolution: "whatwg-mimetype@npm:3.0.0"
  checksum: ce08bbb36b6aaf64f3a84da89707e3e6a31e5ab1c1a2379fd68df79ba712a4ab090904f0b50e6693b0dafc8e6343a6157e40bf18fdffd26e513cf95ee2a59824
  languageName: node
  linkType: hard

"whatwg-url@npm:^11.0.0":
  version: 11.0.0
  resolution: "whatwg-url@npm:11.0.0"
  dependencies:
    tr46: ^3.0.0
    webidl-conversions: ^7.0.0
  checksum: ed4826aaa57e66bb3488a4b25c9cd476c46ba96052747388b5801f137dd740b73fde91ad207d96baf9f17fbcc80fc1a477ad65181b5eb5fa718d27c69501d7af
  languageName: node
  linkType: hard

"whatwg-url@npm:^5.0.0":
  version: 5.0.0
  resolution: "whatwg-url@npm:5.0.0"
  dependencies:
    tr46: ~0.0.3
    webidl-conversions: ^3.0.0
  checksum: b8daed4ad3356cc4899048a15b2c143a9aed0dfae1f611ebd55073310c7b910f522ad75d727346ad64203d7e6c79ef25eafd465f4d12775ca44b90fa82ed9e2c
  languageName: node
  linkType: hard

"word-wrap@npm:~1.2.3":
  version: 1.2.3
  resolution: "word-wrap@npm:1.2.3"
  checksum: 30b48f91fcf12106ed3186ae4fa86a6a1842416df425be7b60485de14bec665a54a68e4b5156647dec3a70f25e84d270ca8bc8cd23182ed095f5c7206a938c1f
  languageName: node
  linkType: hard

"ws@npm:^8.8.0":
  version: 8.8.1
  resolution: "ws@npm:8.8.1"
  peerDependencies:
    bufferutil: ^4.0.1
    utf-8-validate: ^5.0.2
  peerDependenciesMeta:
    bufferutil:
      optional: true
    utf-8-validate:
      optional: true
  checksum: 2152cf862cae0693f3775bc688a6afb2e989d19d626d215e70f5fcd8eb55b1c3b0d3a6a4052905ec320e2d7734e20aeedbf9744496d62f15a26ad79cf4cf7dae
  languageName: node
  linkType: hard

"xml-name-validator@npm:^4.0.0":
  version: 4.0.0
  resolution: "xml-name-validator@npm:4.0.0"
  checksum: af100b79c29804f05fa35aa3683e29a321db9b9685d5e5febda3fa1e40f13f85abc40f45a6b2bf7bee33f68a1dc5e8eaef4cec100a304a9db565e6061d4cb5ad
  languageName: node
  linkType: hard

"xmlchars@npm:^2.2.0":
  version: 2.2.0
  resolution: "xmlchars@npm:2.2.0"
  checksum: 8c70ac94070ccca03f47a81fcce3b271bd1f37a591bf5424e787ae313fcb9c212f5f6786e1fa82076a2c632c0141552babcd85698c437506dfa6ae2d58723062
  languageName: node
  linkType: hard

"yaml@npm:^2.1.1":
  version: 2.1.1
  resolution: "yaml@npm:2.1.1"
  checksum: f48bb209918aa57cfaf78ef6448d1a1f8187f45c746f933268b7023dc59e5456004611879126c9bb5ea55b0a2b1c2b392dfde436931ece0c703a3d754562bb96
  languageName: node
  linkType: hard

"yn@npm:3.1.1":
  version: 3.1.1
  resolution: "yn@npm:3.1.1"
  checksum: 2c487b0e149e746ef48cda9f8bad10fc83693cd69d7f9dcd8be4214e985de33a29c9e24f3c0d6bcf2288427040a8947406ab27f7af67ee9456e6b84854f02dd6
  languageName: node
  linkType: hard
